// !$*UTF8*$!
{
	archiveVersion = 1;
	classes = {
	};
	objectVersion = 56;
	objects = {

/* Begin PBXBuildFile section */
		C1024A612BC6BEE50082EF13 /* AppDelegate.swift in Sources */ = {isa = PBXBuildFile; fileRef = C1024A602BC6BEE50082EF13 /* AppDelegate.swift */; };
		C1024A632BC6BEE50082EF13 /* SceneDelegate.swift in Sources */ = {isa = PBXBuildFile; fileRef = C1024A622BC6BEE50082EF13 /* SceneDelegate.swift */; };
		C1024A652BC6BEE50082EF13 /* ViewController.swift in Sources */ = {isa = PBXBuildFile; fileRef = C1024A642BC6BEE50082EF13 /* ViewController.swift */; };
		C1024A682BC6BEE50082EF13 /* Base in Resources */ = {isa = PBXBuildFile; fileRef = C1024A672BC6BEE50082EF13 /* Base */; };
		C1024A6A2BC6BEE80082EF13 /* Assets.xcassets in Resources */ = {isa = PBXBuildFile; fileRef = C1024A692BC6BEE80082EF13 /* Assets.xcassets */; };
		C1024A6D2BC6BEE80082EF13 /* Base in Resources */ = {isa = PBXBuildFile; fileRef = C1024A6C2BC6BEE80082EF13 /* Base */; };
		C1024A752BC6BEF30082EF13 /* .gitignore in Resources */ = {isa = PBXBuildFile; fileRef = C1024A742BC6BEF30082EF13 /* .gitignore */; };
		C1024A7B2BC797180082EF13 /* RefreshToken.swift in Sources */ = {isa = PBXBuildFile; fileRef = C1024A7A2BC797180082EF13 /* RefreshToken.swift */; };
		C1024A7D2BC797A60082EF13 /* APIKey.swift in Sources */ = {isa = PBXBuildFile; fileRef = C1024A7C2BC797A60082EF13 /* APIKey.swift */; };
		C1024A7F2BC802BC0082EF13 /* HTTPHeader.swift in Sources */ = {isa = PBXBuildFile; fileRef = C1024A7E2BC802BC0082EF13 /* HTTPHeader.swift */; };
		C1024A812BC802E30082EF13 /* LoginQuery.swift in Sources */ = {isa = PBXBuildFile; fileRef = C1024A802BC802E30082EF13 /* LoginQuery.swift */; };
		C1024A832BC803060082EF13 /* LoginModel.swift in Sources */ = {isa = PBXBuildFile; fileRef = C1024A822BC803060082EF13 /* LoginModel.swift */; };
		C1024A862BC803230082EF13 /* SnapKit in Frameworks */ = {isa = PBXBuildFile; productRef = C1024A852BC803230082EF13 /* SnapKit */; };
		C1024A892BC803380082EF13 /* Alamofire in Frameworks */ = {isa = PBXBuildFile; productRef = C1024A882BC803380082EF13 /* Alamofire */; };
		C1024A8C2BC8034C0082EF13 /* RxCocoa in Frameworks */ = {isa = PBXBuildFile; productRef = C1024A8B2BC8034C0082EF13 /* RxCocoa */; };
		C1024A8E2BC8034C0082EF13 /* RxRelay in Frameworks */ = {isa = PBXBuildFile; productRef = C1024A8D2BC8034C0082EF13 /* RxRelay */; };
		C1024A902BC8034C0082EF13 /* RxSwift in Frameworks */ = {isa = PBXBuildFile; productRef = C1024A8F2BC8034C0082EF13 /* RxSwift */; };
		C1024A932BC803550082EF13 /* Kingfisher in Frameworks */ = {isa = PBXBuildFile; productRef = C1024A922BC803550082EF13 /* Kingfisher */; };
		C1024A962BC803B70082EF13 /* ProfileModel.swift in Sources */ = {isa = PBXBuildFile; fileRef = C1024A952BC803B70082EF13 /* ProfileModel.swift */; };
		C1024A982BC803DA0082EF13 /* LoginNetworkManager.swift in Sources */ = {isa = PBXBuildFile; fileRef = C1024A972BC803DA0082EF13 /* LoginNetworkManager.swift */; };
		C1024A9B2BC8044B0082EF13 /* LoginRouter.swift in Sources */ = {isa = PBXBuildFile; fileRef = C1024A9A2BC8044B0082EF13 /* LoginRouter.swift */; };
		C1024A9D2BC804560082EF13 /* TargetType.swift in Sources */ = {isa = PBXBuildFile; fileRef = C1024A9C2BC804560082EF13 /* TargetType.swift */; };
		C1024AA02BC81D4D0082EF13 /* BaseViewController.swift in Sources */ = {isa = PBXBuildFile; fileRef = C1024A9F2BC81D4D0082EF13 /* BaseViewController.swift */; };
		C1024AA22BC81D630082EF13 /* BaseView.swift in Sources */ = {isa = PBXBuildFile; fileRef = C1024AA12BC81D630082EF13 /* BaseView.swift */; };
		C1024AA42BC81D7B0082EF13 /* BaseTableViewCell.swift in Sources */ = {isa = PBXBuildFile; fileRef = C1024AA32BC81D7B0082EF13 /* BaseTableViewCell.swift */; };
		C1024AA72BC81DB00082EF13 /* ViewModelType.swift in Sources */ = {isa = PBXBuildFile; fileRef = C1024AA62BC81DB00082EF13 /* ViewModelType.swift */; };
		C1024AAA2BC81E010082EF13 /* SignInViewController.swift in Sources */ = {isa = PBXBuildFile; fileRef = C1024AA92BC81E010082EF13 /* SignInViewController.swift */; };
		C1024AAC2BC81E190082EF13 /* SignInView.swift in Sources */ = {isa = PBXBuildFile; fileRef = C1024AAB2BC81E190082EF13 /* SignInView.swift */; };
		C1024AAF2BC81F840082EF13 /* PointButton.swift in Sources */ = {isa = PBXBuildFile; fileRef = C1024AAE2BC81F840082EF13 /* PointButton.swift */; };
		C1024AB32BC845A00082EF13 /* SignInViewModel.swift in Sources */ = {isa = PBXBuildFile; fileRef = C1024AB22BC845A00082EF13 /* SignInViewModel.swift */; };
		C1024AB62BC853020082EF13 /* SignUpViewController.swift in Sources */ = {isa = PBXBuildFile; fileRef = C1024AB52BC853020082EF13 /* SignUpViewController.swift */; };
		C113D5342BCD25B30067094A /* MyPageView.swift in Sources */ = {isa = PBXBuildFile; fileRef = C113D5332BCD25B30067094A /* MyPageView.swift */; };
		C1754B7E2BCD593000728142 /* AddContentViewController.swift in Sources */ = {isa = PBXBuildFile; fileRef = C1754B7D2BCD593000728142 /* AddContentViewController.swift */; };
		C1754B802BCD599100728142 /* AddContentView.swift in Sources */ = {isa = PBXBuildFile; fileRef = C1754B7F2BCD599100728142 /* AddContentView.swift */; };
		C1754B832BCD612100728142 /* Extension+UINavigationController.swift in Sources */ = {isa = PBXBuildFile; fileRef = C1754B822BCD612100728142 /* Extension+UINavigationController.swift */; };
		C1754B852BCD61D200728142 /* AddContentTableViewCell.swift in Sources */ = {isa = PBXBuildFile; fileRef = C1754B842BCD61D200728142 /* AddContentTableViewCell.swift */; };
		C1754B882BCD621400728142 /* FormatterManager.swift in Sources */ = {isa = PBXBuildFile; fileRef = C1754B872BCD621400728142 /* FormatterManager.swift */; };
		C1754B8A2BCD655400728142 /* AddTitleTableViewCell.swift in Sources */ = {isa = PBXBuildFile; fileRef = C1754B892BCD655400728142 /* AddTitleTableViewCell.swift */; };
		C1754B8C2BCD67A400728142 /* AddImageTableViewCell.swift in Sources */ = {isa = PBXBuildFile; fileRef = C1754B8B2BCD67A400728142 /* AddImageTableViewCell.swift */; };
		C1754B8F2BCD87F100728142 /* AddContentViewModel.swift in Sources */ = {isa = PBXBuildFile; fileRef = C1754B8E2BCD87F100728142 /* AddContentViewModel.swift */; };
		C1754BC72BCE655000728142 /* PostRouter.swift in Sources */ = {isa = PBXBuildFile; fileRef = C1754BC62BCE655000728142 /* PostRouter.swift */; };
		C1754BC92BCE657D00728142 /* PostQuery.swift in Sources */ = {isa = PBXBuildFile; fileRef = C1754BC82BCE657D00728142 /* PostQuery.swift */; };
		C1754BCB2BCE672500728142 /* PostNetworkManager.swift in Sources */ = {isa = PBXBuildFile; fileRef = C1754BCA2BCE672500728142 /* PostNetworkManager.swift */; };
		C1754BCF2BCE677D00728142 /* PostModel.swift in Sources */ = {isa = PBXBuildFile; fileRef = C1754BCE2BCE677D00728142 /* PostModel.swift */; };
		C1754BD92BCFA10D00728142 /* AlertManager.swift in Sources */ = {isa = PBXBuildFile; fileRef = C1754BD82BCFA10D00728142 /* AlertManager.swift */; };
		C1754BDB2BCFAFE300728142 /* MainView.swift in Sources */ = {isa = PBXBuildFile; fileRef = C1754BDA2BCFAFE200728142 /* MainView.swift */; };
		C1754BDE2BCFB2F600728142 /* MagazineView.swift in Sources */ = {isa = PBXBuildFile; fileRef = C1754BDD2BCFB2F600728142 /* MagazineView.swift */; };
		C1754BE12BCFB35000728142 /* CollectionViewPagingLayout in Frameworks */ = {isa = PBXBuildFile; productRef = C1754BE02BCFB35000728142 /* CollectionViewPagingLayout */; };
		C1754BE52BCFC1BE00728142 /* MagazineCollectionViewCell.swift in Sources */ = {isa = PBXBuildFile; fileRef = C1754BE42BCFC1BE00728142 /* MagazineCollectionViewCell.swift */; };
		C1754BE72BCFC3BA00728142 /* FeedView.swift in Sources */ = {isa = PBXBuildFile; fileRef = C1754BE62BCFC3BA00728142 /* FeedView.swift */; };
		C1754C1D2BD2375200728142 /* MainViewModel.swift in Sources */ = {isa = PBXBuildFile; fileRef = C1754C1C2BD2375200728142 /* MainViewModel.swift */; };
		C1754C202BD237A600728142 /* MainRouter.swift in Sources */ = {isa = PBXBuildFile; fileRef = C1754C1F2BD237A600728142 /* MainRouter.swift */; };
		C1754C222BD2381A00728142 /* MainQuery.swift in Sources */ = {isa = PBXBuildFile; fileRef = C1754C212BD2381A00728142 /* MainQuery.swift */; };
		C1754C242BD23A5300728142 /* FetchPostsNetworkManager.swift in Sources */ = {isa = PBXBuildFile; fileRef = C1754C232BD23A5300728142 /* FetchPostsNetworkManager.swift */; };
		C1754C262BD23A8E00728142 /* FetchModel.swift in Sources */ = {isa = PBXBuildFile; fileRef = C1754C252BD23A8E00728142 /* FetchModel.swift */; };
		C1754C282BD3E41E00728142 /* MagazineCellViewModel.swift in Sources */ = {isa = PBXBuildFile; fileRef = C1754C272BD3E41E00728142 /* MagazineCellViewModel.swift */; };
		C1754C2A2BD412FF00728142 /* NetworkInterceptor.swift in Sources */ = {isa = PBXBuildFile; fileRef = C1754C292BD412FF00728142 /* NetworkInterceptor.swift */; };
		C1754C2F2BD420C300728142 /* ProfileView.swift in Sources */ = {isa = PBXBuildFile; fileRef = C1754C2E2BD420C300728142 /* ProfileView.swift */; };
		C1754C312BD420C900728142 /* MyFeedView.swift in Sources */ = {isa = PBXBuildFile; fileRef = C1754C302BD420C900728142 /* MyFeedView.swift */; };
		C1754C332BD4214A00728142 /* MyPageViewModel.swift in Sources */ = {isa = PBXBuildFile; fileRef = C1754C322BD4214A00728142 /* MyPageViewModel.swift */; };
		C1754C352BD4EA6700728142 /* MyPageRouter.swift in Sources */ = {isa = PBXBuildFile; fileRef = C1754C342BD4EA6700728142 /* MyPageRouter.swift */; };
		C1754C372BD4EC4100728142 /* MyProfileNetworkManager.swift in Sources */ = {isa = PBXBuildFile; fileRef = C1754C362BD4EC4100728142 /* MyProfileNetworkManager.swift */; };
		C1754C392BD4EC9900728142 /* MyProfileModel.swift in Sources */ = {isa = PBXBuildFile; fileRef = C1754C382BD4EC9900728142 /* MyProfileModel.swift */; };
		C1754C3C2BD4FFD500728142 /* SettingView.swift in Sources */ = {isa = PBXBuildFile; fileRef = C1754C3B2BD4FFD500728142 /* SettingView.swift */; };
		C1754C3E2BD4FFEC00728142 /* SettingViewController.swift in Sources */ = {isa = PBXBuildFile; fileRef = C1754C3D2BD4FFEC00728142 /* SettingViewController.swift */; };
		C1754C402BD5087800728142 /* EditProfileViewController.swift in Sources */ = {isa = PBXBuildFile; fileRef = C1754C3F2BD5087800728142 /* EditProfileViewController.swift */; };
		C1754C422BD5088200728142 /* EditProfileView.swift in Sources */ = {isa = PBXBuildFile; fileRef = C1754C412BD5088200728142 /* EditProfileView.swift */; };
		C1754C442BD5681E00728142 /* EditProfileViewModel.swift in Sources */ = {isa = PBXBuildFile; fileRef = C1754C432BD5681E00728142 /* EditProfileViewModel.swift */; };
		C1754C462BD575A000728142 /* EditProfileQuery.swift in Sources */ = {isa = PBXBuildFile; fileRef = C1754C452BD575A000728142 /* EditProfileQuery.swift */; };
		C1754C652BD76DB300728142 /* FeedViewModel.swift in Sources */ = {isa = PBXBuildFile; fileRef = C1754C642BD76DB300728142 /* FeedViewModel.swift */; };
		C1754C6F2BD7DADC00728142 /* ImageCollectionViewCell.swift in Sources */ = {isa = PBXBuildFile; fileRef = C1754C6E2BD7DADC00728142 /* ImageCollectionViewCell.swift */; };
		C178A8BB2BCA4821007F1E3F /* MainViewController.swift in Sources */ = {isa = PBXBuildFile; fileRef = C178A8BA2BCA4821007F1E3F /* MainViewController.swift */; };
		C178A8BD2BCA4830007F1E3F /* MyPageViewController.swift in Sources */ = {isa = PBXBuildFile; fileRef = C178A8BC2BCA4830007F1E3F /* MyPageViewController.swift */; };
		C178A8BF2BCA54C8007F1E3F /* EmailViewModel.swift in Sources */ = {isa = PBXBuildFile; fileRef = C178A8BE2BCA54C8007F1E3F /* EmailViewModel.swift */; };
		C178A8C12BCA64A4007F1E3F /* ProgressView.swift in Sources */ = {isa = PBXBuildFile; fileRef = C178A8C02BCA64A4007F1E3F /* ProgressView.swift */; };
		C178A8C32BCA653C007F1E3F /* EmailViewController.swift in Sources */ = {isa = PBXBuildFile; fileRef = C178A8C22BCA653C007F1E3F /* EmailViewController.swift */; };
		C178A8C52BCA6544007F1E3F /* PasswordViewController.swift in Sources */ = {isa = PBXBuildFile; fileRef = C178A8C42BCA6544007F1E3F /* PasswordViewController.swift */; };
		C178A8C72BCA654D007F1E3F /* EtcViewController.swift in Sources */ = {isa = PBXBuildFile; fileRef = C178A8C62BCA654D007F1E3F /* EtcViewController.swift */; };
		C178A8C92BCAAE7B007F1E3F /* PasswordViewModel.swift in Sources */ = {isa = PBXBuildFile; fileRef = C178A8C82BCAAE7B007F1E3F /* PasswordViewModel.swift */; };
		C178A8CB2BCAAE99007F1E3F /* NicknameViewModel.swift in Sources */ = {isa = PBXBuildFile; fileRef = C178A8CA2BCAAE99007F1E3F /* NicknameViewModel.swift */; };
		C178A8D02BCBE849007F1E3F /* SignUpViewModel.swift in Sources */ = {isa = PBXBuildFile; fileRef = C178A8CF2BCBE849007F1E3F /* SignUpViewModel.swift */; };
/* End PBXBuildFile section */

/* Begin PBXFileReference section */
		C1024A5D2BC6BEE50082EF13 /* TheBoyage.app */ = {isa = PBXFileReference; explicitFileType = wrapper.application; includeInIndex = 0; path = TheBoyage.app; sourceTree = BUILT_PRODUCTS_DIR; };
		C1024A602BC6BEE50082EF13 /* AppDelegate.swift */ = {isa = PBXFileReference; lastKnownFileType = sourcecode.swift; path = AppDelegate.swift; sourceTree = "<group>"; };
		C1024A622BC6BEE50082EF13 /* SceneDelegate.swift */ = {isa = PBXFileReference; lastKnownFileType = sourcecode.swift; path = SceneDelegate.swift; sourceTree = "<group>"; };
		C1024A642BC6BEE50082EF13 /* ViewController.swift */ = {isa = PBXFileReference; lastKnownFileType = sourcecode.swift; path = ViewController.swift; sourceTree = "<group>"; };
		C1024A672BC6BEE50082EF13 /* Base */ = {isa = PBXFileReference; lastKnownFileType = file.storyboard; name = Base; path = Base.lproj/Main.storyboard; sourceTree = "<group>"; };
		C1024A692BC6BEE80082EF13 /* Assets.xcassets */ = {isa = PBXFileReference; lastKnownFileType = folder.assetcatalog; path = Assets.xcassets; sourceTree = "<group>"; };
		C1024A6C2BC6BEE80082EF13 /* Base */ = {isa = PBXFileReference; lastKnownFileType = file.storyboard; name = Base; path = Base.lproj/LaunchScreen.storyboard; sourceTree = "<group>"; };
		C1024A6E2BC6BEE80082EF13 /* Info.plist */ = {isa = PBXFileReference; lastKnownFileType = text.plist.xml; path = Info.plist; sourceTree = "<group>"; };
		C1024A742BC6BEF30082EF13 /* .gitignore */ = {isa = PBXFileReference; lastKnownFileType = text; path = .gitignore; sourceTree = "<group>"; };
		C1024A7A2BC797180082EF13 /* RefreshToken.swift */ = {isa = PBXFileReference; lastKnownFileType = sourcecode.swift; path = RefreshToken.swift; sourceTree = "<group>"; };
		C1024A7C2BC797A60082EF13 /* APIKey.swift */ = {isa = PBXFileReference; lastKnownFileType = sourcecode.swift; path = APIKey.swift; sourceTree = "<group>"; };
		C1024A7E2BC802BC0082EF13 /* HTTPHeader.swift */ = {isa = PBXFileReference; lastKnownFileType = sourcecode.swift; path = HTTPHeader.swift; sourceTree = "<group>"; };
		C1024A802BC802E30082EF13 /* LoginQuery.swift */ = {isa = PBXFileReference; lastKnownFileType = sourcecode.swift; path = LoginQuery.swift; sourceTree = "<group>"; };
		C1024A822BC803060082EF13 /* LoginModel.swift */ = {isa = PBXFileReference; lastKnownFileType = sourcecode.swift; path = LoginModel.swift; sourceTree = "<group>"; };
		C1024A952BC803B70082EF13 /* ProfileModel.swift */ = {isa = PBXFileReference; lastKnownFileType = sourcecode.swift; path = ProfileModel.swift; sourceTree = "<group>"; };
		C1024A972BC803DA0082EF13 /* LoginNetworkManager.swift */ = {isa = PBXFileReference; lastKnownFileType = sourcecode.swift; path = LoginNetworkManager.swift; sourceTree = "<group>"; };
		C1024A9A2BC8044B0082EF13 /* LoginRouter.swift */ = {isa = PBXFileReference; lastKnownFileType = sourcecode.swift; path = LoginRouter.swift; sourceTree = "<group>"; };
		C1024A9C2BC804560082EF13 /* TargetType.swift */ = {isa = PBXFileReference; lastKnownFileType = sourcecode.swift; path = TargetType.swift; sourceTree = "<group>"; };
		C1024A9F2BC81D4D0082EF13 /* BaseViewController.swift */ = {isa = PBXFileReference; lastKnownFileType = sourcecode.swift; path = BaseViewController.swift; sourceTree = "<group>"; };
		C1024AA12BC81D630082EF13 /* BaseView.swift */ = {isa = PBXFileReference; lastKnownFileType = sourcecode.swift; path = BaseView.swift; sourceTree = "<group>"; };
		C1024AA32BC81D7B0082EF13 /* BaseTableViewCell.swift */ = {isa = PBXFileReference; lastKnownFileType = sourcecode.swift; path = BaseTableViewCell.swift; sourceTree = "<group>"; };
		C1024AA62BC81DB00082EF13 /* ViewModelType.swift */ = {isa = PBXFileReference; lastKnownFileType = sourcecode.swift; path = ViewModelType.swift; sourceTree = "<group>"; };
		C1024AA92BC81E010082EF13 /* SignInViewController.swift */ = {isa = PBXFileReference; lastKnownFileType = sourcecode.swift; path = SignInViewController.swift; sourceTree = "<group>"; };
		C1024AAB2BC81E190082EF13 /* SignInView.swift */ = {isa = PBXFileReference; lastKnownFileType = sourcecode.swift; path = SignInView.swift; sourceTree = "<group>"; };
		C1024AAE2BC81F840082EF13 /* PointButton.swift */ = {isa = PBXFileReference; lastKnownFileType = sourcecode.swift; path = PointButton.swift; sourceTree = "<group>"; };
		C1024AB22BC845A00082EF13 /* SignInViewModel.swift */ = {isa = PBXFileReference; lastKnownFileType = sourcecode.swift; path = SignInViewModel.swift; sourceTree = "<group>"; };
		C1024AB52BC853020082EF13 /* SignUpViewController.swift */ = {isa = PBXFileReference; lastKnownFileType = sourcecode.swift; path = SignUpViewController.swift; sourceTree = "<group>"; };
		C113D5332BCD25B30067094A /* MyPageView.swift */ = {isa = PBXFileReference; lastKnownFileType = sourcecode.swift; path = MyPageView.swift; sourceTree = "<group>"; };
		C1754B7D2BCD593000728142 /* AddContentViewController.swift */ = {isa = PBXFileReference; lastKnownFileType = sourcecode.swift; path = AddContentViewController.swift; sourceTree = "<group>"; };
		C1754B7F2BCD599100728142 /* AddContentView.swift */ = {isa = PBXFileReference; lastKnownFileType = sourcecode.swift; path = AddContentView.swift; sourceTree = "<group>"; };
		C1754B822BCD612100728142 /* Extension+UINavigationController.swift */ = {isa = PBXFileReference; lastKnownFileType = sourcecode.swift; path = "Extension+UINavigationController.swift"; sourceTree = "<group>"; };
		C1754B842BCD61D200728142 /* AddContentTableViewCell.swift */ = {isa = PBXFileReference; lastKnownFileType = sourcecode.swift; path = AddContentTableViewCell.swift; sourceTree = "<group>"; };
		C1754B872BCD621400728142 /* FormatterManager.swift */ = {isa = PBXFileReference; lastKnownFileType = sourcecode.swift; path = FormatterManager.swift; sourceTree = "<group>"; };
		C1754B892BCD655400728142 /* AddTitleTableViewCell.swift */ = {isa = PBXFileReference; lastKnownFileType = sourcecode.swift; path = AddTitleTableViewCell.swift; sourceTree = "<group>"; };
		C1754B8B2BCD67A400728142 /* AddImageTableViewCell.swift */ = {isa = PBXFileReference; lastKnownFileType = sourcecode.swift; path = AddImageTableViewCell.swift; sourceTree = "<group>"; };
		C1754B8E2BCD87F100728142 /* AddContentViewModel.swift */ = {isa = PBXFileReference; lastKnownFileType = sourcecode.swift; path = AddContentViewModel.swift; sourceTree = "<group>"; };
		C1754BC62BCE655000728142 /* PostRouter.swift */ = {isa = PBXFileReference; lastKnownFileType = sourcecode.swift; path = PostRouter.swift; sourceTree = "<group>"; };
		C1754BC82BCE657D00728142 /* PostQuery.swift */ = {isa = PBXFileReference; lastKnownFileType = sourcecode.swift; path = PostQuery.swift; sourceTree = "<group>"; };
		C1754BCA2BCE672500728142 /* PostNetworkManager.swift */ = {isa = PBXFileReference; lastKnownFileType = sourcecode.swift; path = PostNetworkManager.swift; sourceTree = "<group>"; };
		C1754BCE2BCE677D00728142 /* PostModel.swift */ = {isa = PBXFileReference; lastKnownFileType = sourcecode.swift; path = PostModel.swift; sourceTree = "<group>"; };
		C1754BD82BCFA10D00728142 /* AlertManager.swift */ = {isa = PBXFileReference; lastKnownFileType = sourcecode.swift; path = AlertManager.swift; sourceTree = "<group>"; };
		C1754BDA2BCFAFE200728142 /* MainView.swift */ = {isa = PBXFileReference; lastKnownFileType = sourcecode.swift; path = MainView.swift; sourceTree = "<group>"; };
		C1754BDD2BCFB2F600728142 /* MagazineView.swift */ = {isa = PBXFileReference; lastKnownFileType = sourcecode.swift; path = MagazineView.swift; sourceTree = "<group>"; };
		C1754BE42BCFC1BE00728142 /* MagazineCollectionViewCell.swift */ = {isa = PBXFileReference; lastKnownFileType = sourcecode.swift; path = MagazineCollectionViewCell.swift; sourceTree = "<group>"; };
		C1754BE62BCFC3BA00728142 /* FeedView.swift */ = {isa = PBXFileReference; lastKnownFileType = sourcecode.swift; path = FeedView.swift; sourceTree = "<group>"; };
		C1754C1C2BD2375200728142 /* MainViewModel.swift */ = {isa = PBXFileReference; lastKnownFileType = sourcecode.swift; path = MainViewModel.swift; sourceTree = "<group>"; };
		C1754C1F2BD237A600728142 /* MainRouter.swift */ = {isa = PBXFileReference; lastKnownFileType = sourcecode.swift; path = MainRouter.swift; sourceTree = "<group>"; };
		C1754C212BD2381A00728142 /* MainQuery.swift */ = {isa = PBXFileReference; lastKnownFileType = sourcecode.swift; path = MainQuery.swift; sourceTree = "<group>"; };
		C1754C232BD23A5300728142 /* FetchPostsNetworkManager.swift */ = {isa = PBXFileReference; lastKnownFileType = sourcecode.swift; path = FetchPostsNetworkManager.swift; sourceTree = "<group>"; };
		C1754C252BD23A8E00728142 /* FetchModel.swift */ = {isa = PBXFileReference; lastKnownFileType = sourcecode.swift; path = FetchModel.swift; sourceTree = "<group>"; };
		C1754C272BD3E41E00728142 /* MagazineCellViewModel.swift */ = {isa = PBXFileReference; lastKnownFileType = sourcecode.swift; path = MagazineCellViewModel.swift; sourceTree = "<group>"; };
		C1754C292BD412FF00728142 /* NetworkInterceptor.swift */ = {isa = PBXFileReference; lastKnownFileType = sourcecode.swift; path = NetworkInterceptor.swift; sourceTree = "<group>"; };
		C1754C2E2BD420C300728142 /* ProfileView.swift */ = {isa = PBXFileReference; lastKnownFileType = sourcecode.swift; path = ProfileView.swift; sourceTree = "<group>"; };
		C1754C302BD420C900728142 /* MyFeedView.swift */ = {isa = PBXFileReference; lastKnownFileType = sourcecode.swift; path = MyFeedView.swift; sourceTree = "<group>"; };
		C1754C322BD4214A00728142 /* MyPageViewModel.swift */ = {isa = PBXFileReference; lastKnownFileType = sourcecode.swift; path = MyPageViewModel.swift; sourceTree = "<group>"; };
		C1754C342BD4EA6700728142 /* MyPageRouter.swift */ = {isa = PBXFileReference; lastKnownFileType = sourcecode.swift; path = MyPageRouter.swift; sourceTree = "<group>"; };
		C1754C362BD4EC4100728142 /* MyProfileNetworkManager.swift */ = {isa = PBXFileReference; lastKnownFileType = sourcecode.swift; path = MyProfileNetworkManager.swift; sourceTree = "<group>"; };
		C1754C382BD4EC9900728142 /* MyProfileModel.swift */ = {isa = PBXFileReference; lastKnownFileType = sourcecode.swift; path = MyProfileModel.swift; sourceTree = "<group>"; };
		C1754C3B2BD4FFD500728142 /* SettingView.swift */ = {isa = PBXFileReference; lastKnownFileType = sourcecode.swift; path = SettingView.swift; sourceTree = "<group>"; };
		C1754C3D2BD4FFEC00728142 /* SettingViewController.swift */ = {isa = PBXFileReference; lastKnownFileType = sourcecode.swift; path = SettingViewController.swift; sourceTree = "<group>"; };
		C1754C3F2BD5087800728142 /* EditProfileViewController.swift */ = {isa = PBXFileReference; lastKnownFileType = sourcecode.swift; path = EditProfileViewController.swift; sourceTree = "<group>"; };
		C1754C412BD5088200728142 /* EditProfileView.swift */ = {isa = PBXFileReference; lastKnownFileType = sourcecode.swift; path = EditProfileView.swift; sourceTree = "<group>"; };
		C1754C432BD5681E00728142 /* EditProfileViewModel.swift */ = {isa = PBXFileReference; lastKnownFileType = sourcecode.swift; path = EditProfileViewModel.swift; sourceTree = "<group>"; };
		C1754C452BD575A000728142 /* EditProfileQuery.swift */ = {isa = PBXFileReference; lastKnownFileType = sourcecode.swift; path = EditProfileQuery.swift; sourceTree = "<group>"; };
		C1754C642BD76DB300728142 /* FeedViewModel.swift */ = {isa = PBXFileReference; lastKnownFileType = sourcecode.swift; path = FeedViewModel.swift; sourceTree = "<group>"; };
		C1754C6E2BD7DADC00728142 /* ImageCollectionViewCell.swift */ = {isa = PBXFileReference; lastKnownFileType = sourcecode.swift; path = ImageCollectionViewCell.swift; sourceTree = "<group>"; };
		C178A8BA2BCA4821007F1E3F /* MainViewController.swift */ = {isa = PBXFileReference; lastKnownFileType = sourcecode.swift; path = MainViewController.swift; sourceTree = "<group>"; };
		C178A8BC2BCA4830007F1E3F /* MyPageViewController.swift */ = {isa = PBXFileReference; lastKnownFileType = sourcecode.swift; path = MyPageViewController.swift; sourceTree = "<group>"; };
		C178A8BE2BCA54C8007F1E3F /* EmailViewModel.swift */ = {isa = PBXFileReference; lastKnownFileType = sourcecode.swift; path = EmailViewModel.swift; sourceTree = "<group>"; };
		C178A8C02BCA64A4007F1E3F /* ProgressView.swift */ = {isa = PBXFileReference; lastKnownFileType = sourcecode.swift; path = ProgressView.swift; sourceTree = "<group>"; };
		C178A8C22BCA653C007F1E3F /* EmailViewController.swift */ = {isa = PBXFileReference; lastKnownFileType = sourcecode.swift; path = EmailViewController.swift; sourceTree = "<group>"; };
		C178A8C42BCA6544007F1E3F /* PasswordViewController.swift */ = {isa = PBXFileReference; lastKnownFileType = sourcecode.swift; path = PasswordViewController.swift; sourceTree = "<group>"; };
		C178A8C62BCA654D007F1E3F /* EtcViewController.swift */ = {isa = PBXFileReference; lastKnownFileType = sourcecode.swift; path = EtcViewController.swift; sourceTree = "<group>"; };
		C178A8C82BCAAE7B007F1E3F /* PasswordViewModel.swift */ = {isa = PBXFileReference; lastKnownFileType = sourcecode.swift; path = PasswordViewModel.swift; sourceTree = "<group>"; };
		C178A8CA2BCAAE99007F1E3F /* NicknameViewModel.swift */ = {isa = PBXFileReference; lastKnownFileType = sourcecode.swift; path = NicknameViewModel.swift; sourceTree = "<group>"; };
		C178A8CF2BCBE849007F1E3F /* SignUpViewModel.swift */ = {isa = PBXFileReference; lastKnownFileType = sourcecode.swift; path = SignUpViewModel.swift; sourceTree = "<group>"; };
/* End PBXFileReference section */

/* Begin PBXFrameworksBuildPhase section */
		C1024A5A2BC6BEE50082EF13 /* Frameworks */ = {
			isa = PBXFrameworksBuildPhase;
			buildActionMask = 2147483647;
			files = (
				C1024A932BC803550082EF13 /* Kingfisher in Frameworks */,
				C1024A8C2BC8034C0082EF13 /* RxCocoa in Frameworks */,
				C1024A862BC803230082EF13 /* SnapKit in Frameworks */,
				C1024A902BC8034C0082EF13 /* RxSwift in Frameworks */,
				C1024A8E2BC8034C0082EF13 /* RxRelay in Frameworks */,
				C1754BE12BCFB35000728142 /* CollectionViewPagingLayout in Frameworks */,
				C1024A892BC803380082EF13 /* Alamofire in Frameworks */,
			);
			runOnlyForDeploymentPostprocessing = 0;
		};
/* End PBXFrameworksBuildPhase section */

/* Begin PBXGroup section */
		C1024A542BC6BEE50082EF13 = {
			isa = PBXGroup;
			children = (
				C1024A5F2BC6BEE50082EF13 /* TheBoyage */,
				C1024A5E2BC6BEE50082EF13 /* Products */,
			);
			sourceTree = "<group>";
		};
		C1024A5E2BC6BEE50082EF13 /* Products */ = {
			isa = PBXGroup;
			children = (
				C1024A5D2BC6BEE50082EF13 /* TheBoyage.app */,
			);
			name = Products;
			sourceTree = "<group>";
		};
		C1024A5F2BC6BEE50082EF13 /* TheBoyage */ = {
			isa = PBXGroup;
			children = (
				C1754B862BCD620A00728142 /* Manager */,
				C1754B812BCD611300728142 /* Extension */,
				C1024AA52BC81D9F0082EF13 /* Protocol */,
				C1024A792BC7963C0082EF13 /* Network */,
				C1024AAD2BC81F790082EF13 /* DesignSystem */,
				C1024A992BC8040A0082EF13 /* Present */,
				C1024A602BC6BEE50082EF13 /* AppDelegate.swift */,
				C1024A622BC6BEE50082EF13 /* SceneDelegate.swift */,
				C1024A642BC6BEE50082EF13 /* ViewController.swift */,
				C1024A662BC6BEE50082EF13 /* Main.storyboard */,
				C1024A692BC6BEE80082EF13 /* Assets.xcassets */,
				C1024A6B2BC6BEE80082EF13 /* LaunchScreen.storyboard */,
				C1024A6E2BC6BEE80082EF13 /* Info.plist */,
				C1024A742BC6BEF30082EF13 /* .gitignore */,
			);
			path = TheBoyage;
			sourceTree = "<group>";
		};
		C1024A792BC7963C0082EF13 /* Network */ = {
			isa = PBXGroup;
			children = (
				C1754C1E2BD2378500728142 /* Router */,
				C1024A942BC803800082EF13 /* Model */,
				C1024A7C2BC797A60082EF13 /* APIKey.swift */,
				C1024A7E2BC802BC0082EF13 /* HTTPHeader.swift */,
				C1024A972BC803DA0082EF13 /* LoginNetworkManager.swift */,
				C1024A9C2BC804560082EF13 /* TargetType.swift */,
				C1754BCA2BCE672500728142 /* PostNetworkManager.swift */,
				C1754C232BD23A5300728142 /* FetchPostsNetworkManager.swift */,
				C1754C292BD412FF00728142 /* NetworkInterceptor.swift */,
				C1754C362BD4EC4100728142 /* MyProfileNetworkManager.swift */,
			);
			path = Network;
			sourceTree = "<group>";
		};
		C1024A942BC803800082EF13 /* Model */ = {
			isa = PBXGroup;
			children = (
				C1754BCC2BCE675C00728142 /* Query */,
				C1024A822BC803060082EF13 /* LoginModel.swift */,
				C1024A7A2BC797180082EF13 /* RefreshToken.swift */,
				C1024A952BC803B70082EF13 /* ProfileModel.swift */,
				C1754BCE2BCE677D00728142 /* PostModel.swift */,
				C1754C252BD23A8E00728142 /* FetchModel.swift */,
				C1754C382BD4EC9900728142 /* MyProfileModel.swift */,
			);
			path = Model;
			sourceTree = "<group>";
		};
		C1024A992BC8040A0082EF13 /* Present */ = {
			isa = PBXGroup;
			children = (
				C1754C2B2BD4209800728142 /* SignRelated */,
				C178A8B92BCA47F7007F1E3F /* MyPage */,
				C1024AB12BC8452E0082EF13 /* Add */,
				C1024AB02BC845270082EF13 /* Main */,
				C1024A9E2BC81D300082EF13 /* Base */,
			);
			path = Present;
			sourceTree = "<group>";
		};
		C1024A9E2BC81D300082EF13 /* Base */ = {
			isa = PBXGroup;
			children = (
				C1024A9F2BC81D4D0082EF13 /* BaseViewController.swift */,
				C1024AA12BC81D630082EF13 /* BaseView.swift */,
				C1024AA32BC81D7B0082EF13 /* BaseTableViewCell.swift */,
			);
			path = Base;
			sourceTree = "<group>";
		};
		C1024AA52BC81D9F0082EF13 /* Protocol */ = {
			isa = PBXGroup;
			children = (
				C1024AA62BC81DB00082EF13 /* ViewModelType.swift */,
			);
			path = Protocol;
			sourceTree = "<group>";
		};
		C1024AA82BC81DF00082EF13 /* SignIn */ = {
			isa = PBXGroup;
			children = (
				C1024AA92BC81E010082EF13 /* SignInViewController.swift */,
				C1024AAB2BC81E190082EF13 /* SignInView.swift */,
				C1024AB22BC845A00082EF13 /* SignInViewModel.swift */,
			);
			path = SignIn;
			sourceTree = "<group>";
		};
		C1024AAD2BC81F790082EF13 /* DesignSystem */ = {
			isa = PBXGroup;
			children = (
				C1024AAE2BC81F840082EF13 /* PointButton.swift */,
			);
			path = DesignSystem;
			sourceTree = "<group>";
		};
		C1024AB02BC845270082EF13 /* Main */ = {
			isa = PBXGroup;
			children = (
				C1754BDC2BCFB2E300728142 /* Cell */,
				C178A8BA2BCA4821007F1E3F /* MainViewController.swift */,
				C1754BDA2BCFAFE200728142 /* MainView.swift */,
				C1754C1C2BD2375200728142 /* MainViewModel.swift */,
			);
			path = Main;
			sourceTree = "<group>";
		};
		C1024AB12BC8452E0082EF13 /* Add */ = {
			isa = PBXGroup;
			children = (
				C1754B8D2BCD878700728142 /* Cell */,
				C1754B7D2BCD593000728142 /* AddContentViewController.swift */,
				C1754B7F2BCD599100728142 /* AddContentView.swift */,
				C1754B8E2BCD87F100728142 /* AddContentViewModel.swift */,
			);
			path = Add;
			sourceTree = "<group>";
		};
		C1024AB42BC8529A0082EF13 /* SignUp */ = {
			isa = PBXGroup;
			children = (
				C1024AB52BC853020082EF13 /* SignUpViewController.swift */,
				C178A8CF2BCBE849007F1E3F /* SignUpViewModel.swift */,
				C178A8C02BCA64A4007F1E3F /* ProgressView.swift */,
				C178A8CE2BCAAF00007F1E3F /* Etc */,
				C178A8CD2BCAAED7007F1E3F /* Password */,
				C178A8CC2BCAAEB9007F1E3F /* Email */,
			);
			path = SignUp;
			sourceTree = "<group>";
		};
		C1754B812BCD611300728142 /* Extension */ = {
			isa = PBXGroup;
			children = (
				C1754B822BCD612100728142 /* Extension+UINavigationController.swift */,
			);
			path = Extension;
			sourceTree = "<group>";
		};
		C1754B862BCD620A00728142 /* Manager */ = {
			isa = PBXGroup;
			children = (
				C1754B872BCD621400728142 /* FormatterManager.swift */,
				C1754BD82BCFA10D00728142 /* AlertManager.swift */,
			);
			path = Manager;
			sourceTree = "<group>";
		};
		C1754B8D2BCD878700728142 /* Cell */ = {
			isa = PBXGroup;
			children = (
				C1754B8B2BCD67A400728142 /* AddImageTableViewCell.swift */,
				C1754B892BCD655400728142 /* AddTitleTableViewCell.swift */,
				C1754B842BCD61D200728142 /* AddContentTableViewCell.swift */,
			);
			path = Cell;
			sourceTree = "<group>";
		};
		C1754BCC2BCE675C00728142 /* Query */ = {
			isa = PBXGroup;
			children = (
				C1754BC82BCE657D00728142 /* PostQuery.swift */,
				C1024A802BC802E30082EF13 /* LoginQuery.swift */,
				C1754C212BD2381A00728142 /* MainQuery.swift */,
				C1754C452BD575A000728142 /* EditProfileQuery.swift */,
			);
			path = Query;
			sourceTree = "<group>";
		};
		C1754BDC2BCFB2E300728142 /* Cell */ = {
			isa = PBXGroup;
			children = (
				C1754BDD2BCFB2F600728142 /* MagazineView.swift */,
				C1754BE42BCFC1BE00728142 /* MagazineCollectionViewCell.swift */,
				C1754BE62BCFC3BA00728142 /* FeedView.swift */,
				C1754C272BD3E41E00728142 /* MagazineCellViewModel.swift */,
				C1754C642BD76DB300728142 /* FeedViewModel.swift */,
				C1754C6E2BD7DADC00728142 /* ImageCollectionViewCell.swift */,
			);
			path = Cell;
			sourceTree = "<group>";
		};
		C1754C1E2BD2378500728142 /* Router */ = {
			isa = PBXGroup;
			children = (
				C1024A9A2BC8044B0082EF13 /* LoginRouter.swift */,
				C1754BC62BCE655000728142 /* PostRouter.swift */,
				C1754C1F2BD237A600728142 /* MainRouter.swift */,
				C1754C342BD4EA6700728142 /* MyPageRouter.swift */,
			);
			path = Router;
			sourceTree = "<group>";
		};
		C1754C2B2BD4209800728142 /* SignRelated */ = {
			isa = PBXGroup;
			children = (
				C1024AA82BC81DF00082EF13 /* SignIn */,
				C1024AB42BC8529A0082EF13 /* SignUp */,
			);
			path = SignRelated;
			sourceTree = "<group>";
		};
		C1754C2C2BD420B100728142 /* Profile */ = {
			isa = PBXGroup;
			children = (
				C1754C2E2BD420C300728142 /* ProfileView.swift */,
			);
			path = Profile;
			sourceTree = "<group>";
		};
		C1754C2D2BD420B900728142 /* MyFeed */ = {
			isa = PBXGroup;
			children = (
				C1754C302BD420C900728142 /* MyFeedView.swift */,
			);
			path = MyFeed;
			sourceTree = "<group>";
		};
		C1754C3A2BD4FFC600728142 /* Setting */ = {
			isa = PBXGroup;
			children = (
				C1754C3B2BD4FFD500728142 /* SettingView.swift */,
				C1754C3D2BD4FFEC00728142 /* SettingViewController.swift */,
				C1754C3F2BD5087800728142 /* EditProfileViewController.swift */,
				C1754C412BD5088200728142 /* EditProfileView.swift */,
				C1754C432BD5681E00728142 /* EditProfileViewModel.swift */,
			);
			path = Setting;
			sourceTree = "<group>";
		};
		C178A8B92BCA47F7007F1E3F /* MyPage */ = {
			isa = PBXGroup;
			children = (
				C1754C3A2BD4FFC600728142 /* Setting */,
				C1754C2D2BD420B900728142 /* MyFeed */,
				C1754C2C2BD420B100728142 /* Profile */,
				C178A8BC2BCA4830007F1E3F /* MyPageViewController.swift */,
				C113D5332BCD25B30067094A /* MyPageView.swift */,
				C1754C322BD4214A00728142 /* MyPageViewModel.swift */,
			);
			path = MyPage;
			sourceTree = "<group>";
		};
		C178A8CC2BCAAEB9007F1E3F /* Email */ = {
			isa = PBXGroup;
			children = (
				C178A8C22BCA653C007F1E3F /* EmailViewController.swift */,
				C178A8BE2BCA54C8007F1E3F /* EmailViewModel.swift */,
			);
			path = Email;
			sourceTree = "<group>";
		};
		C178A8CD2BCAAED7007F1E3F /* Password */ = {
			isa = PBXGroup;
			children = (
				C178A8C82BCAAE7B007F1E3F /* PasswordViewModel.swift */,
				C178A8C42BCA6544007F1E3F /* PasswordViewController.swift */,
			);
			path = Password;
			sourceTree = "<group>";
		};
		C178A8CE2BCAAF00007F1E3F /* Etc */ = {
			isa = PBXGroup;
			children = (
				C178A8C62BCA654D007F1E3F /* EtcViewController.swift */,
				C178A8CA2BCAAE99007F1E3F /* NicknameViewModel.swift */,
			);
			path = Etc;
			sourceTree = "<group>";
		};
/* End PBXGroup section */

/* Begin PBXNativeTarget section */
		C1024A5C2BC6BEE50082EF13 /* TheBoyage */ = {
			isa = PBXNativeTarget;
			buildConfigurationList = C1024A712BC6BEE80082EF13 /* Build configuration list for PBXNativeTarget "TheBoyage" */;
			buildPhases = (
				C1024A592BC6BEE50082EF13 /* Sources */,
				C1024A5A2BC6BEE50082EF13 /* Frameworks */,
				C1024A5B2BC6BEE50082EF13 /* Resources */,
			);
			buildRules = (
			);
			dependencies = (
			);
			name = TheBoyage;
			packageProductDependencies = (
				C1024A852BC803230082EF13 /* SnapKit */,
				C1024A882BC803380082EF13 /* Alamofire */,
				C1024A8B2BC8034C0082EF13 /* RxCocoa */,
				C1024A8D2BC8034C0082EF13 /* RxRelay */,
				C1024A8F2BC8034C0082EF13 /* RxSwift */,
				C1024A922BC803550082EF13 /* Kingfisher */,
				C1754BE02BCFB35000728142 /* CollectionViewPagingLayout */,
			);
			productName = TheBoyage;
			productReference = C1024A5D2BC6BEE50082EF13 /* TheBoyage.app */;
			productType = "com.apple.product-type.application";
		};
/* End PBXNativeTarget section */

/* Begin PBXProject section */
		C1024A552BC6BEE50082EF13 /* Project object */ = {
			isa = PBXProject;
			attributes = {
				BuildIndependentTargetsInParallel = 1;
				LastSwiftUpdateCheck = 1530;
				LastUpgradeCheck = 1530;
				TargetAttributes = {
					C1024A5C2BC6BEE50082EF13 = {
						CreatedOnToolsVersion = 15.3;
					};
				};
			};
			buildConfigurationList = C1024A582BC6BEE50082EF13 /* Build configuration list for PBXProject "TheBoyage" */;
			compatibilityVersion = "Xcode 14.0";
			developmentRegion = en;
			hasScannedForEncodings = 0;
			knownRegions = (
				en,
				Base,
			);
			mainGroup = C1024A542BC6BEE50082EF13;
			packageReferences = (
				C1024A842BC803230082EF13 /* XCRemoteSwiftPackageReference "SnapKit" */,
				C1024A872BC803380082EF13 /* XCRemoteSwiftPackageReference "Alamofire" */,
				C1024A8A2BC8034C0082EF13 /* XCRemoteSwiftPackageReference "RxSwift" */,
				C1024A912BC803550082EF13 /* XCRemoteSwiftPackageReference "Kingfisher" */,
				C1754BDF2BCFB35000728142 /* XCRemoteSwiftPackageReference "CollectionViewPagingLayout" */,
			);
			productRefGroup = C1024A5E2BC6BEE50082EF13 /* Products */;
			projectDirPath = "";
			projectRoot = "";
			targets = (
				C1024A5C2BC6BEE50082EF13 /* TheBoyage */,
			);
		};
/* End PBXProject section */

/* Begin PBXResourcesBuildPhase section */
		C1024A5B2BC6BEE50082EF13 /* Resources */ = {
			isa = PBXResourcesBuildPhase;
			buildActionMask = 2147483647;
			files = (
				C1024A752BC6BEF30082EF13 /* .gitignore in Resources */,
				C1024A6A2BC6BEE80082EF13 /* Assets.xcassets in Resources */,
				C1024A6D2BC6BEE80082EF13 /* Base in Resources */,
				C1024A682BC6BEE50082EF13 /* Base in Resources */,
			);
			runOnlyForDeploymentPostprocessing = 0;
		};
/* End PBXResourcesBuildPhase section */

/* Begin PBXSourcesBuildPhase section */
		C1024A592BC6BEE50082EF13 /* Sources */ = {
			isa = PBXSourcesBuildPhase;
			buildActionMask = 2147483647;
			files = (
				C1754BE72BCFC3BA00728142 /* FeedView.swift in Sources */,
				C1024AAC2BC81E190082EF13 /* SignInView.swift in Sources */,
				C1754C262BD23A8E00728142 /* FetchModel.swift in Sources */,
				C1754C3C2BD4FFD500728142 /* SettingView.swift in Sources */,
				C178A8BB2BCA4821007F1E3F /* MainViewController.swift in Sources */,
				C178A8CB2BCAAE99007F1E3F /* NicknameViewModel.swift in Sources */,
				C1754B7E2BCD593000728142 /* AddContentViewController.swift in Sources */,
				C1754C1D2BD2375200728142 /* MainViewModel.swift in Sources */,
				C1024AA02BC81D4D0082EF13 /* BaseViewController.swift in Sources */,
				C1024A9D2BC804560082EF13 /* TargetType.swift in Sources */,
				C1024A9B2BC8044B0082EF13 /* LoginRouter.swift in Sources */,
				C1754C282BD3E41E00728142 /* MagazineCellViewModel.swift in Sources */,
				C1754C332BD4214A00728142 /* MyPageViewModel.swift in Sources */,
				C1754C402BD5087800728142 /* EditProfileViewController.swift in Sources */,
				C1024AB32BC845A00082EF13 /* SignInViewModel.swift in Sources */,
				C1754C392BD4EC9900728142 /* MyProfileModel.swift in Sources */,
				C1754C2A2BD412FF00728142 /* NetworkInterceptor.swift in Sources */,
				C1754C222BD2381A00728142 /* MainQuery.swift in Sources */,
				C1024A962BC803B70082EF13 /* ProfileModel.swift in Sources */,
				C1754C242BD23A5300728142 /* FetchPostsNetworkManager.swift in Sources */,
				C1754C3E2BD4FFEC00728142 /* SettingViewController.swift in Sources */,
				C1754C2F2BD420C300728142 /* ProfileView.swift in Sources */,
				C178A8D02BCBE849007F1E3F /* SignUpViewModel.swift in Sources */,
				C1754B882BCD621400728142 /* FormatterManager.swift in Sources */,
				C113D5342BCD25B30067094A /* MyPageView.swift in Sources */,
				C1754C442BD5681E00728142 /* EditProfileViewModel.swift in Sources */,
				C1754BE52BCFC1BE00728142 /* MagazineCollectionViewCell.swift in Sources */,
				C1024A7F2BC802BC0082EF13 /* HTTPHeader.swift in Sources */,
				C1754BC92BCE657D00728142 /* PostQuery.swift in Sources */,
				C1754C652BD76DB300728142 /* FeedViewModel.swift in Sources */,
				C1024AAF2BC81F840082EF13 /* PointButton.swift in Sources */,
				C1754C372BD4EC4100728142 /* MyProfileNetworkManager.swift in Sources */,
				C178A8C92BCAAE7B007F1E3F /* PasswordViewModel.swift in Sources */,
				C1754BC72BCE655000728142 /* PostRouter.swift in Sources */,
				C1754C312BD420C900728142 /* MyFeedView.swift in Sources */,
				C1754C202BD237A600728142 /* MainRouter.swift in Sources */,
				C1754BD92BCFA10D00728142 /* AlertManager.swift in Sources */,
				C1024A982BC803DA0082EF13 /* LoginNetworkManager.swift in Sources */,
				C1754C422BD5088200728142 /* EditProfileView.swift in Sources */,
				C1754BDB2BCFAFE300728142 /* MainView.swift in Sources */,
				C1754B8A2BCD655400728142 /* AddTitleTableViewCell.swift in Sources */,
				C1754B852BCD61D200728142 /* AddContentTableViewCell.swift in Sources */,
				C178A8BF2BCA54C8007F1E3F /* EmailViewModel.swift in Sources */,
				C1754BCF2BCE677D00728142 /* PostModel.swift in Sources */,
				C1024A7B2BC797180082EF13 /* RefreshToken.swift in Sources */,
				C178A8C12BCA64A4007F1E3F /* ProgressView.swift in Sources */,
				C1754B8C2BCD67A400728142 /* AddImageTableViewCell.swift in Sources */,
				C1754B802BCD599100728142 /* AddContentView.swift in Sources */,
				C1024AAA2BC81E010082EF13 /* SignInViewController.swift in Sources */,
				C1024A652BC6BEE50082EF13 /* ViewController.swift in Sources */,
				C178A8BD2BCA4830007F1E3F /* MyPageViewController.swift in Sources */,
				C1024A612BC6BEE50082EF13 /* AppDelegate.swift in Sources */,
				C178A8C52BCA6544007F1E3F /* PasswordViewController.swift in Sources */,
				C1754B8F2BCD87F100728142 /* AddContentViewModel.swift in Sources */,
				C1024A812BC802E30082EF13 /* LoginQuery.swift in Sources */,
				C1754C462BD575A000728142 /* EditProfileQuery.swift in Sources */,
				C1754B832BCD612100728142 /* Extension+UINavigationController.swift in Sources */,
				C1024A832BC803060082EF13 /* LoginModel.swift in Sources */,
				C178A8C32BCA653C007F1E3F /* EmailViewController.swift in Sources */,
				C1754BCB2BCE672500728142 /* PostNetworkManager.swift in Sources */,
				C1024AB62BC853020082EF13 /* SignUpViewController.swift in Sources */,
				C1754BDE2BCFB2F600728142 /* MagazineView.swift in Sources */,
				C1754C352BD4EA6700728142 /* MyPageRouter.swift in Sources */,
				C1024AA22BC81D630082EF13 /* BaseView.swift in Sources */,
				C1024AA72BC81DB00082EF13 /* ViewModelType.swift in Sources */,
				C1024A632BC6BEE50082EF13 /* SceneDelegate.swift in Sources */,
				C1754C6F2BD7DADC00728142 /* ImageCollectionViewCell.swift in Sources */,
				C178A8C72BCA654D007F1E3F /* EtcViewController.swift in Sources */,
				C1024AA42BC81D7B0082EF13 /* BaseTableViewCell.swift in Sources */,
				C1024A7D2BC797A60082EF13 /* APIKey.swift in Sources */,
			);
			runOnlyForDeploymentPostprocessing = 0;
		};
/* End PBXSourcesBuildPhase section */

/* Begin PBXVariantGroup section */
		C1024A662BC6BEE50082EF13 /* Main.storyboard */ = {
			isa = PBXVariantGroup;
			children = (
				C1024A672BC6BEE50082EF13 /* Base */,
			);
			name = Main.storyboard;
			sourceTree = "<group>";
		};
		C1024A6B2BC6BEE80082EF13 /* LaunchScreen.storyboard */ = {
			isa = PBXVariantGroup;
			children = (
				C1024A6C2BC6BEE80082EF13 /* Base */,
			);
			name = LaunchScreen.storyboard;
			sourceTree = "<group>";
		};
/* End PBXVariantGroup section */

/* Begin XCBuildConfiguration section */
		C1024A6F2BC6BEE80082EF13 /* Debug */ = {
			isa = XCBuildConfiguration;
			buildSettings = {
				ALWAYS_SEARCH_USER_PATHS = NO;
				ASSETCATALOG_COMPILER_GENERATE_SWIFT_ASSET_SYMBOL_EXTENSIONS = YES;
				CLANG_ANALYZER_NONNULL = YES;
				CLANG_ANALYZER_NUMBER_OBJECT_CONVERSION = YES_AGGRESSIVE;
				CLANG_CXX_LANGUAGE_STANDARD = "gnu++20";
				CLANG_ENABLE_MODULES = YES;
				CLANG_ENABLE_OBJC_ARC = YES;
				CLANG_ENABLE_OBJC_WEAK = YES;
				CLANG_WARN_BLOCK_CAPTURE_AUTORELEASING = YES;
				CLANG_WARN_BOOL_CONVERSION = YES;
				CLANG_WARN_COMMA = YES;
				CLANG_WARN_CONSTANT_CONVERSION = YES;
				CLANG_WARN_DEPRECATED_OBJC_IMPLEMENTATIONS = YES;
				CLANG_WARN_DIRECT_OBJC_ISA_USAGE = YES_ERROR;
				CLANG_WARN_DOCUMENTATION_COMMENTS = YES;
				CLANG_WARN_EMPTY_BODY = YES;
				CLANG_WARN_ENUM_CONVERSION = YES;
				CLANG_WARN_INFINITE_RECURSION = YES;
				CLANG_WARN_INT_CONVERSION = YES;
				CLANG_WARN_NON_LITERAL_NULL_CONVERSION = YES;
				CLANG_WARN_OBJC_IMPLICIT_RETAIN_SELF = YES;
				CLANG_WARN_OBJC_LITERAL_CONVERSION = YES;
				CLANG_WARN_OBJC_ROOT_CLASS = YES_ERROR;
				CLANG_WARN_QUOTED_INCLUDE_IN_FRAMEWORK_HEADER = YES;
				CLANG_WARN_RANGE_LOOP_ANALYSIS = YES;
				CLANG_WARN_STRICT_PROTOTYPES = YES;
				CLANG_WARN_SUSPICIOUS_MOVE = YES;
				CLANG_WARN_UNGUARDED_AVAILABILITY = YES_AGGRESSIVE;
				CLANG_WARN_UNREACHABLE_CODE = YES;
				CLANG_WARN__DUPLICATE_METHOD_MATCH = YES;
				COPY_PHASE_STRIP = NO;
				DEBUG_INFORMATION_FORMAT = dwarf;
				ENABLE_STRICT_OBJC_MSGSEND = YES;
				ENABLE_TESTABILITY = YES;
				ENABLE_USER_SCRIPT_SANDBOXING = YES;
				GCC_C_LANGUAGE_STANDARD = gnu17;
				GCC_DYNAMIC_NO_PIC = NO;
				GCC_NO_COMMON_BLOCKS = YES;
				GCC_OPTIMIZATION_LEVEL = 0;
				GCC_PREPROCESSOR_DEFINITIONS = (
					"DEBUG=1",
					"$(inherited)",
				);
				GCC_WARN_64_TO_32_BIT_CONVERSION = YES;
				GCC_WARN_ABOUT_RETURN_TYPE = YES_ERROR;
				GCC_WARN_UNDECLARED_SELECTOR = YES;
				GCC_WARN_UNINITIALIZED_AUTOS = YES_AGGRESSIVE;
				GCC_WARN_UNUSED_FUNCTION = YES;
				GCC_WARN_UNUSED_VARIABLE = YES;
				IPHONEOS_DEPLOYMENT_TARGET = 17.4;
				LOCALIZATION_PREFERS_STRING_CATALOGS = YES;
				MTL_ENABLE_DEBUG_INFO = INCLUDE_SOURCE;
				MTL_FAST_MATH = YES;
				ONLY_ACTIVE_ARCH = YES;
				SDKROOT = iphoneos;
				SWIFT_ACTIVE_COMPILATION_CONDITIONS = "DEBUG $(inherited)";
				SWIFT_OPTIMIZATION_LEVEL = "-Onone";
			};
			name = Debug;
		};
		C1024A702BC6BEE80082EF13 /* Release */ = {
			isa = XCBuildConfiguration;
			buildSettings = {
				ALWAYS_SEARCH_USER_PATHS = NO;
				ASSETCATALOG_COMPILER_GENERATE_SWIFT_ASSET_SYMBOL_EXTENSIONS = YES;
				CLANG_ANALYZER_NONNULL = YES;
				CLANG_ANALYZER_NUMBER_OBJECT_CONVERSION = YES_AGGRESSIVE;
				CLANG_CXX_LANGUAGE_STANDARD = "gnu++20";
				CLANG_ENABLE_MODULES = YES;
				CLANG_ENABLE_OBJC_ARC = YES;
				CLANG_ENABLE_OBJC_WEAK = YES;
				CLANG_WARN_BLOCK_CAPTURE_AUTORELEASING = YES;
				CLANG_WARN_BOOL_CONVERSION = YES;
				CLANG_WARN_COMMA = YES;
				CLANG_WARN_CONSTANT_CONVERSION = YES;
				CLANG_WARN_DEPRECATED_OBJC_IMPLEMENTATIONS = YES;
				CLANG_WARN_DIRECT_OBJC_ISA_USAGE = YES_ERROR;
				CLANG_WARN_DOCUMENTATION_COMMENTS = YES;
				CLANG_WARN_EMPTY_BODY = YES;
				CLANG_WARN_ENUM_CONVERSION = YES;
				CLANG_WARN_INFINITE_RECURSION = YES;
				CLANG_WARN_INT_CONVERSION = YES;
				CLANG_WARN_NON_LITERAL_NULL_CONVERSION = YES;
				CLANG_WARN_OBJC_IMPLICIT_RETAIN_SELF = YES;
				CLANG_WARN_OBJC_LITERAL_CONVERSION = YES;
				CLANG_WARN_OBJC_ROOT_CLASS = YES_ERROR;
				CLANG_WARN_QUOTED_INCLUDE_IN_FRAMEWORK_HEADER = YES;
				CLANG_WARN_RANGE_LOOP_ANALYSIS = YES;
				CLANG_WARN_STRICT_PROTOTYPES = YES;
				CLANG_WARN_SUSPICIOUS_MOVE = YES;
				CLANG_WARN_UNGUARDED_AVAILABILITY = YES_AGGRESSIVE;
				CLANG_WARN_UNREACHABLE_CODE = YES;
				CLANG_WARN__DUPLICATE_METHOD_MATCH = YES;
				COPY_PHASE_STRIP = NO;
				DEBUG_INFORMATION_FORMAT = "dwarf-with-dsym";
				ENABLE_NS_ASSERTIONS = NO;
				ENABLE_STRICT_OBJC_MSGSEND = YES;
				ENABLE_USER_SCRIPT_SANDBOXING = YES;
				GCC_C_LANGUAGE_STANDARD = gnu17;
				GCC_NO_COMMON_BLOCKS = YES;
				GCC_WARN_64_TO_32_BIT_CONVERSION = YES;
				GCC_WARN_ABOUT_RETURN_TYPE = YES_ERROR;
				GCC_WARN_UNDECLARED_SELECTOR = YES;
				GCC_WARN_UNINITIALIZED_AUTOS = YES_AGGRESSIVE;
				GCC_WARN_UNUSED_FUNCTION = YES;
				GCC_WARN_UNUSED_VARIABLE = YES;
				IPHONEOS_DEPLOYMENT_TARGET = 17.4;
				LOCALIZATION_PREFERS_STRING_CATALOGS = YES;
				MTL_ENABLE_DEBUG_INFO = NO;
				MTL_FAST_MATH = YES;
				SDKROOT = iphoneos;
				SWIFT_COMPILATION_MODE = wholemodule;
				VALIDATE_PRODUCT = YES;
			};
			name = Release;
		};
		C1024A722BC6BEE80082EF13 /* Debug */ = {
			isa = XCBuildConfiguration;
			buildSettings = {
				ASSETCATALOG_COMPILER_APPICON_NAME = AppIcon;
				ASSETCATALOG_COMPILER_GLOBAL_ACCENT_COLOR_NAME = AccentColor;
				CODE_SIGN_STYLE = Automatic;
				CURRENT_PROJECT_VERSION = 1;
				DEVELOPMENT_TEAM = MTUYFM4K8P;
				GENERATE_INFOPLIST_FILE = YES;
				INFOPLIST_FILE = TheBoyage/Info.plist;
				INFOPLIST_KEY_UIApplicationSupportsIndirectInputEvents = YES;
				INFOPLIST_KEY_UILaunchStoryboardName = LaunchScreen;
				INFOPLIST_KEY_UIMainStoryboardFile = Main;
				INFOPLIST_KEY_UISupportedInterfaceOrientations_iPad = "UIInterfaceOrientationPortrait UIInterfaceOrientationPortraitUpsideDown UIInterfaceOrientationLandscapeLeft UIInterfaceOrientationLandscapeRight";
				INFOPLIST_KEY_UISupportedInterfaceOrientations_iPhone = "UIInterfaceOrientationPortrait UIInterfaceOrientationLandscapeLeft UIInterfaceOrientationLandscapeRight";
				INFOPLIST_KEY_UIUserInterfaceStyle = Light;
				LD_RUNPATH_SEARCH_PATHS = (
					"$(inherited)",
					"@executable_path/Frameworks",
				);
				MARKETING_VERSION = 1.0;
				PRODUCT_BUNDLE_IDENTIFIER = Madeline.TheBoyage;
				PRODUCT_NAME = "$(TARGET_NAME)";
				SWIFT_EMIT_LOC_STRINGS = YES;
				SWIFT_VERSION = 5.0;
				TARGETED_DEVICE_FAMILY = "1,2";
			};
			name = Debug;
		};
		C1024A732BC6BEE80082EF13 /* Release */ = {
			isa = XCBuildConfiguration;
			buildSettings = {
				ASSETCATALOG_COMPILER_APPICON_NAME = AppIcon;
				ASSETCATALOG_COMPILER_GLOBAL_ACCENT_COLOR_NAME = AccentColor;
				CODE_SIGN_STYLE = Automatic;
				CURRENT_PROJECT_VERSION = 1;
				DEVELOPMENT_TEAM = MTUYFM4K8P;
				GENERATE_INFOPLIST_FILE = YES;
				INFOPLIST_FILE = TheBoyage/Info.plist;
				INFOPLIST_KEY_UIApplicationSupportsIndirectInputEvents = YES;
				INFOPLIST_KEY_UILaunchStoryboardName = LaunchScreen;
				INFOPLIST_KEY_UIMainStoryboardFile = Main;
				INFOPLIST_KEY_UISupportedInterfaceOrientations_iPad = "UIInterfaceOrientationPortrait UIInterfaceOrientationPortraitUpsideDown UIInterfaceOrientationLandscapeLeft UIInterfaceOrientationLandscapeRight";
				INFOPLIST_KEY_UISupportedInterfaceOrientations_iPhone = "UIInterfaceOrientationPortrait UIInterfaceOrientationLandscapeLeft UIInterfaceOrientationLandscapeRight";
				INFOPLIST_KEY_UIUserInterfaceStyle = Light;
				LD_RUNPATH_SEARCH_PATHS = (
					"$(inherited)",
					"@executable_path/Frameworks",
				);
				MARKETING_VERSION = 1.0;
				PRODUCT_BUNDLE_IDENTIFIER = Madeline.TheBoyage;
				PRODUCT_NAME = "$(TARGET_NAME)";
				SWIFT_EMIT_LOC_STRINGS = YES;
				SWIFT_VERSION = 5.0;
				TARGETED_DEVICE_FAMILY = "1,2";
			};
			name = Release;
		};
/* End XCBuildConfiguration section */

/* Begin XCConfigurationList section */
		C1024A582BC6BEE50082EF13 /* Build configuration list for PBXProject "TheBoyage" */ = {
			isa = XCConfigurationList;
			buildConfigurations = (
				C1024A6F2BC6BEE80082EF13 /* Debug */,
				C1024A702BC6BEE80082EF13 /* Release */,
			);
			defaultConfigurationIsVisible = 0;
			defaultConfigurationName = Release;
		};
		C1024A712BC6BEE80082EF13 /* Build configuration list for PBXNativeTarget "TheBoyage" */ = {
			isa = XCConfigurationList;
			buildConfigurations = (
				C1024A722BC6BEE80082EF13 /* Debug */,
				C1024A732BC6BEE80082EF13 /* Release */,
			);
			defaultConfigurationIsVisible = 0;
			defaultConfigurationName = Release;
		};
/* End XCConfigurationList section */

/* Begin XCRemoteSwiftPackageReference section */
		C1024A842BC803230082EF13 /* XCRemoteSwiftPackageReference "SnapKit" */ = {
			isa = XCRemoteSwiftPackageReference;
			repositoryURL = "https://github.com/SnapKit/SnapKit.git";
			requirement = {
				kind = upToNextMajorVersion;
				minimumVersion = 5.7.1;
			};
		};
		C1024A872BC803380082EF13 /* XCRemoteSwiftPackageReference "Alamofire" */ = {
			isa = XCRemoteSwiftPackageReference;
			repositoryURL = "https://github.com/Alamofire/Alamofire";
			requirement = {
				kind = upToNextMajorVersion;
				minimumVersion = 5.9.1;
			};
		};
		C1024A8A2BC8034C0082EF13 /* XCRemoteSwiftPackageReference "RxSwift" */ = {
			isa = XCRemoteSwiftPackageReference;
			repositoryURL = "https://github.com/ReactiveX/RxSwift.git";
			requirement = {
				kind = upToNextMajorVersion;
				minimumVersion = 6.6.0;
			};
		};
		C1024A912BC803550082EF13 /* XCRemoteSwiftPackageReference "Kingfisher" */ = {
			isa = XCRemoteSwiftPackageReference;
			repositoryURL = "https://github.com/onevcat/Kingfisher.git";
			requirement = {
				kind = upToNextMajorVersion;
				minimumVersion = 7.11.0;
			};
		};
		C1754BDF2BCFB35000728142 /* XCRemoteSwiftPackageReference "CollectionViewPagingLayout" */ = {
			isa = XCRemoteSwiftPackageReference;
			repositoryURL = "https://github.com/amirdew/CollectionViewPagingLayout.git";
			requirement = {
				kind = upToNextMajorVersion;
				minimumVersion = 1.1.0;
			};
		};
/* End XCRemoteSwiftPackageReference section */

/* Begin XCSwiftPackageProductDependency section */
		C1024A852BC803230082EF13 /* SnapKit */ = {
			isa = XCSwiftPackageProductDependency;
			package = C1024A842BC803230082EF13 /* XCRemoteSwiftPackageReference "SnapKit" */;
			productName = SnapKit;
		};
		C1024A882BC803380082EF13 /* Alamofire */ = {
			isa = XCSwiftPackageProductDependency;
			package = C1024A872BC803380082EF13 /* XCRemoteSwiftPackageReference "Alamofire" */;
			productName = Alamofire;
		};
		C1024A8B2BC8034C0082EF13 /* RxCocoa */ = {
			isa = XCSwiftPackageProductDependency;
			package = C1024A8A2BC8034C0082EF13 /* XCRemoteSwiftPackageReference "RxSwift" */;
			productName = RxCocoa;
		};
		C1024A8D2BC8034C0082EF13 /* RxRelay */ = {
			isa = XCSwiftPackageProductDependency;
			package = C1024A8A2BC8034C0082EF13 /* XCRemoteSwiftPackageReference "RxSwift" */;
			productName = RxRelay;
		};
		C1024A8F2BC8034C0082EF13 /* RxSwift */ = {
			isa = XCSwiftPackageProductDependency;
			package = C1024A8A2BC8034C0082EF13 /* XCRemoteSwiftPackageReference "RxSwift" */;
			productName = RxSwift;
		};
		C1024A922BC803550082EF13 /* Kingfisher */ = {
			isa = XCSwiftPackageProductDependency;
			package = C1024A912BC803550082EF13 /* XCRemoteSwiftPackageReference "Kingfisher" */;
			productName = Kingfisher;
		};
		C1754BE02BCFB35000728142 /* CollectionViewPagingLayout */ = {
			isa = XCSwiftPackageProductDependency;
			package = C1754BDF2BCFB35000728142 /* XCRemoteSwiftPackageReference "CollectionViewPagingLayout" */;
			productName = CollectionViewPagingLayout;
		};
/* End XCSwiftPackageProductDependency section */
	};
	rootObject = C1024A552BC6BEE50082EF13 /* Project object */;
}
